
Microsoft Visual Studio Solution File, Format Version 12.00
# Visual Studio Version 16
VisualStudioVersion = 16.0.31410.357
MinimumVisualStudioVersion = 10.0.40219.1
Project("{FAE04EC0-301F-11D3-BF4B-00C04F79EFBC}") = "MemoryCache", "MemoryCache\MemoryCache.csproj", "{12B25F94-3665-4242-96BD-F04EF4537B96}"
EndProject
Global
	GlobalSection(SolutionConfigurationPlatforms) = preSolution
		Debug|Any CPU = Debug|Any CPU
		Release|Any CPU = Release|Any CPU
	EndGlobalSection
	GlobalSection(ProjectConfigurationPlatforms) = postSolution
		{12B25F94-3665-4242-96BD-F04EF4537B96}.Debug|Any CPU.ActiveCfg = Debug|Any CPU
		{12B25F94-3665-4242-96BD-F04EF4537B96}.Debug|Any CPU.Build.0 = Debug|Any CPU
		{12B25F94-3665-4242-96BD-F04EF4537B96}.Release|Any CPU.ActiveCfg = Release|Any CPU
		{12B25F94-3665-4242-96BD-F04EF4537B96}.Release|Any CPU.Build.0 = Release|Any CPU
	EndGlobalSection
	GlobalSection(SolutionProperties) = preSolution
		HideSolutionNode = FALSE
	EndGlobalSection
	GlobalSection(ExtensibilityGlobals) = postSolution
		SolutionGuid = {20753555-6876-451A-A758-297B022E5F8D}
	EndGlobalSection
EndGlobal
